<?xml version="1.0" encoding="utf-8"?>
<Project ToolsVersion="4.0" xmlns="http://schemas.microsoft.com/developer/msbuild/2003">
  <ItemGroup>
    <Filter Include="Source Files">
      <UniqueIdentifier>{4FC737F1-C7A5-4376-A066-2A32D752A2FF}</UniqueIdentifier>
      <Extensions>cpp;c;cc;cxx;def;odl;idl;hpj;bat;asm;asmx</Extensions>
    </Filter>
    <Filter Include="Header Files">
      <UniqueIdentifier>{93995380-89BD-4b04-88EB-625FBE52EBFB}</UniqueIdentifier>
      <Extensions>h;hh;hpp;hxx;hm;inl;inc;xsd</Extensions>
    </Filter>
    <Filter Include="Resource Files">
      <UniqueIdentifier>{67DA6AB6-F800-4c08-8B7A-83BB121AAD01}</UniqueIdentifier>
      <Extensions>rc;ico;cur;bmp;dlg;rc2;rct;bin;rgs;gif;jpg;jpeg;jpe;resx;tiff;tif;png;wav;mfcribbon-ms</Extensions>
    </Filter>
    <Filter Include="core">
      <UniqueIdentifier>{09c12f39-5ae9-4d86-be98-2d7ad30dc275}</UniqueIdentifier>
    </Filter>
    <Filter Include="precompiled_header">
      <UniqueIdentifier>{b1b412e6-6a2d-49d9-82ad-74d425f024f7}</UniqueIdentifier>
    </Filter>
    <Filter Include="shaders">
      <UniqueIdentifier>{35223a1b-fdbf-4126-9d5f-3d3c67795c8f}</UniqueIdentifier>
    </Filter>
    <Filter Include="serialization">
      <UniqueIdentifier>{ed8d0140-91da-4d40-b79b-b3f8b4436eee}</UniqueIdentifier>
    </Filter>
  </ItemGroup>
  <ItemGroup>
    <ClCompile Include="src\main.cpp">
      <Filter>Source Files</Filter>
    </ClCompile>
    <ClCompile Include="src\RenderApp.cpp">
      <Filter>core</Filter>
    </ClCompile>
    <ClCompile Include="src\stdafx.cpp">
      <Filter>precompiled_header</Filter>
    </ClCompile>
    <ClCompile Include="src\FrameResource.cpp">
      <Filter>core</Filter>
    </ClCompile>
    <ClCompile Include="src\ObjImporter.cpp">
      <Filter>serialization</Filter>
    </ClCompile>
  </ItemGroup>
  <ItemGroup>
    <ClInclude Include="src\RenderApp.h">
      <Filter>core</Filter>
    </ClInclude>
    <ClInclude Include="src\stdafx.h">
      <Filter>precompiled_header</Filter>
    </ClInclude>
    <ClInclude Include="src\FrameResource.h">
      <Filter>core</Filter>
    </ClInclude>
    <ClInclude Include="src\ObjImporter.h">
      <Filter>serialization</Filter>
    </ClInclude>
  </ItemGroup>
  <ItemGroup>
    <FxCompile Include="shaders\ps.hlsl">
      <Filter>shaders</Filter>
    </FxCompile>
    <FxCompile Include="shaders\vs.hlsl">
      <Filter>shaders</Filter>
    </FxCompile>
  </ItemGroup>
</Project>