<?xml version="1.0" encoding="utf-8"?>
<Project ToolsVersion="4.0" xmlns="http://schemas.microsoft.com/developer/msbuild/2003">
  <ItemGroup>
    <Filter Include="Source Files">
      <UniqueIdentifier>{4FC737F1-C7A5-4376-A066-2A32D752A2FF}</UniqueIdentifier>
      <Extensions>cpp;c;cc;cxx;def;odl;idl;hpj;bat;asm;asmx</Extensions>
    </Filter>
    <Filter Include="Header Files">
      <UniqueIdentifier>{93995380-89BD-4b04-88EB-625FBE52EBFB}</UniqueIdentifier>
      <Extensions>h;hh;hpp;hxx;hm;inl;inc;xsd</Extensions>
    </Filter>
    <Filter Include="Resource Files">
      <UniqueIdentifier>{67DA6AB6-F800-4c08-8B7A-83BB121AAD01}</UniqueIdentifier>
      <Extensions>rc;ico;cur;bmp;dlg;rc2;rct;bin;rgs;gif;jpg;jpeg;jpe;resx;tiff;tif;png;wav;mfcribbon-ms</Extensions>
    </Filter>
    <Filter Include="core">
      <UniqueIdentifier>{09c12f39-5ae9-4d86-be98-2d7ad30dc275}</UniqueIdentifier>
    </Filter>
    <Filter Include="precompiled_header">
      <UniqueIdentifier>{b1b412e6-6a2d-49d9-82ad-74d425f024f7}</UniqueIdentifier>
    </Filter>
    <Filter Include="shaders">
      <UniqueIdentifier>{35223a1b-fdbf-4126-9d5f-3d3c67795c8f}</UniqueIdentifier>
    </Filter>
    <Filter Include="serialization">
      <UniqueIdentifier>{ed8d0140-91da-4d40-b79b-b3f8b4436eee}</UniqueIdentifier>
    </Filter>
    <Filter Include="content_generation">
      <UniqueIdentifier>{0c74ac19-56cb-46a4-9586-8aaa03e98267}</UniqueIdentifier>
    </Filter>
    <Filter Include="utils">
      <UniqueIdentifier>{a4b32f1b-8dd1-4667-ba27-9076876fda90}</UniqueIdentifier>
    </Filter>
    <Filter Include="core\RenderPasses">
      <UniqueIdentifier>{12b0dd21-4544-444e-a29a-0460c09b0323}</UniqueIdentifier>
    </Filter>
    <Filter Include="imgui_impl">
      <UniqueIdentifier>{c028cdfb-5771-4c04-b02d-1f4e392fdffe}</UniqueIdentifier>
    </Filter>
    <Filter Include="core\Effects">
      <UniqueIdentifier>{8865e865-d47e-424f-8885-2361ce994993}</UniqueIdentifier>
    </Filter>
    <Filter Include="shaders\postprocess">
      <UniqueIdentifier>{a54c8838-c78e-4721-b789-8c3c30ddc5cc}</UniqueIdentifier>
    </Filter>
    <Filter Include="core\Pipeline">
      <UniqueIdentifier>{fd61c60e-90e5-4f6f-b32d-1894c1750d73}</UniqueIdentifier>
    </Filter>
    <Filter Include="core\Pipeline\testing">
      <UniqueIdentifier>{913a2464-78a6-44fa-a5fb-f00e4570bf96}</UniqueIdentifier>
    </Filter>
  </ItemGroup>
  <ItemGroup>
    <ClCompile Include="src\main.cpp">
      <Filter>Source Files</Filter>
    </ClCompile>
    <ClCompile Include="src\RenderApp.cpp">
      <Filter>core</Filter>
    </ClCompile>
    <ClCompile Include="src\stdafx.cpp">
      <Filter>precompiled_header</Filter>
    </ClCompile>
    <ClCompile Include="src\FrameResource.cpp">
      <Filter>core</Filter>
    </ClCompile>
    <ClCompile Include="src\GeomGeneration.cpp">
      <Filter>content_generation</Filter>
    </ClCompile>
    <ClCompile Include="src\XMMath.cpp">
      <Filter>utils</Filter>
    </ClCompile>
    <ClCompile Include="src\RenderData.cpp">
      <Filter>core</Filter>
    </ClCompile>
    <ClCompile Include="src\RenderUtils.cpp">
      <Filter>core</Filter>
    </ClCompile>
    <ClCompile Include="src\DescriptorHeap.cpp">
      <Filter>core</Filter>
    </ClCompile>
    <ClCompile Include="src\D3DApp.cpp">
      <Filter>core</Filter>
    </ClCompile>
    <ClCompile Include="src\GameTimer.cpp">
      <Filter>core</Filter>
    </ClCompile>
    <ClCompile Include="src\RenderPass.cpp">
      <Filter>core\RenderPasses</Filter>
    </ClCompile>
    <ClCompile Include="src\SceneImporter.cpp">
      <Filter>serialization</Filter>
    </ClCompile>
    <ClCompile Include="src\ForwardLightingPass.cpp">
      <Filter>core\RenderPasses</Filter>
    </ClCompile>
    <ClCompile Include="src\DepthOnlyPass.cpp">
      <Filter>core\RenderPasses</Filter>
    </ClCompile>
    <ClCompile Include="src\BlurPass.cpp">
      <Filter>core\RenderPasses</Filter>
    </ClCompile>
    <ClCompile Include="src\imgui_impl\imgui_impl_dx12.cpp">
      <Filter>imgui_impl</Filter>
    </ClCompile>
    <ClCompile Include="src\imgui_impl\imgui_impl_win32.cpp">
      <Filter>imgui_impl</Filter>
    </ClCompile>
    <ClCompile Include="src\imgui_impl\imgui_link.cpp">
      <Filter>imgui_impl</Filter>
    </ClCompile>
    <ClCompile Include="src\TemporalBlendPass.cpp">
      <Filter>core\RenderPasses</Filter>
    </ClCompile>
    <ClCompile Include="src\TemporalAA.cpp">
      <Filter>core\Effects</Filter>
    </ClCompile>
    <ClCompile Include="src\Renderer.cpp">
      <Filter>core</Filter>
    </ClCompile>
    <ClCompile Include="src\ToneMappingPass.cpp">
      <Filter>core\RenderPasses</Filter>
    </ClCompile>
    <ClCompile Include="src\PipelineCompileTimeTests.cpp">
      <Filter>core\Pipeline\testing</Filter>
    </ClCompile>
    <ClCompile Include="src\utils\CompileTimeTests.cpp">
      <Filter>utils</Filter>
    </ClCompile>
  </ItemGroup>
  <ItemGroup>
    <ClInclude Include="src\RenderApp.h">
      <Filter>core</Filter>
    </ClInclude>
    <ClInclude Include="src\stdafx.h">
      <Filter>precompiled_header</Filter>
    </ClInclude>
    <ClInclude Include="src\RenderData.h">
      <Filter>core</Filter>
    </ClInclude>
    <ClInclude Include="src\GeomGeneration.h">
      <Filter>content_generation</Filter>
    </ClInclude>
    <ClInclude Include="src\XMMath.h">
      <Filter>utils</Filter>
    </ClInclude>
    <ClInclude Include="src\GeomGeneration.hpp">
      <Filter>content_generation</Filter>
    </ClInclude>
    <ClInclude Include="src\FrameResource.h">
      <Filter>core</Filter>
    </ClInclude>
    <ClInclude Include="src\RenderUtils.h">
      <Filter>core</Filter>
    </ClInclude>
    <ClInclude Include="src\DescriptorHeap.h">
      <Filter>core</Filter>
    </ClInclude>
    <ClInclude Include="src\D3DApp.h">
      <Filter>core</Filter>
    </ClInclude>
    <ClInclude Include="src\GameTimer.h">
      <Filter>core</Filter>
    </ClInclude>
    <ClInclude Include="src\RenderPass.h">
      <Filter>core\RenderPasses</Filter>
    </ClInclude>
    <ClInclude Include="src\ForwardLightingPass.h">
      <Filter>core\RenderPasses</Filter>
    </ClInclude>
    <ClInclude Include="src\SceneImporter.h">
      <Filter>serialization</Filter>
    </ClInclude>
    <ClInclude Include="src\DepthOnlyPass.h">
      <Filter>core\RenderPasses</Filter>
    </ClInclude>
    <ClInclude Include="src\BlurPass.h">
      <Filter>core\RenderPasses</Filter>
    </ClInclude>
    <ClInclude Include="src\imgui_impl\imgui_impl_dx12.h">
      <Filter>imgui_impl</Filter>
    </ClInclude>
    <ClInclude Include="src\imgui_impl\imgui_impl_win32.h">
      <Filter>imgui_impl</Filter>
    </ClInclude>
    <ClInclude Include="src\TemporalBlendPass.h">
      <Filter>core\RenderPasses</Filter>
    </ClInclude>
    <ClInclude Include="src\TemporalAA.h">
      <Filter>core\Effects</Filter>
    </ClInclude>
    <ClInclude Include="src\Renderer.h">
      <Filter>core</Filter>
    </ClInclude>
    <ClInclude Include="src\ToneMappingPass.h">
      <Filter>core\RenderPasses</Filter>
    </ClInclude>
    <ClInclude Include="src\PipelineResource.h">
      <Filter>core\Pipeline</Filter>
    </ClInclude>
    <ClInclude Include="src\Pipeline.h">
      <Filter>core\Pipeline</Filter>
    </ClInclude>
    <ClInclude Include="src\utils\UniqueTuple.h">
      <Filter>utils</Filter>
    </ClInclude>
    <ClInclude Include="src\Pipeline.hpp">
      <Filter>core\Pipeline</Filter>
    </ClInclude>
  </ItemGroup>
  <ItemGroup>
    <FxCompile Include="shaders\ps.hlsl">
      <Filter>shaders</Filter>
    </FxCompile>
    <FxCompile Include="shaders\vs.hlsl">
      <Filter>shaders</Filter>
    </FxCompile>
    <FxCompile Include="shaders\gs.hlsl">
      <Filter>shaders</Filter>
    </FxCompile>
    <FxCompile Include="shaders\depth_only_vs.hlsl">
      <Filter>shaders</Filter>
    </FxCompile>
    <FxCompile Include="shaders\temporal_blend_ps.hlsl">
      <Filter>shaders\postprocess</Filter>
    </FxCompile>
    <FxCompile Include="shaders\fullscreen_quad_vs.hlsl">
      <Filter>shaders\postprocess</Filter>
    </FxCompile>
    <FxCompile Include="shaders\tonemap.hlsl">
      <Filter>shaders\postprocess</Filter>
    </FxCompile>
  </ItemGroup>
  <ItemGroup>
    <None Include="shaders\lighting_utils.hlsl">
      <Filter>shaders</Filter>
    </None>
  </ItemGroup>
</Project>