<?xml version="1.0" encoding="utf-8"?>
<Project ToolsVersion="4.0" xmlns="http://schemas.microsoft.com/developer/msbuild/2003">
  <ItemGroup>
    <Filter Include="Source Files">
      <UniqueIdentifier>{4FC737F1-C7A5-4376-A066-2A32D752A2FF}</UniqueIdentifier>
      <Extensions>cpp;c;cc;cxx;def;odl;idl;hpj;bat;asm;asmx</Extensions>
    </Filter>
    <Filter Include="Resource Files">
      <UniqueIdentifier>{67DA6AB6-F800-4c08-8B7A-83BB121AAD01}</UniqueIdentifier>
      <Extensions>rc;ico;cur;bmp;dlg;rc2;rct;bin;rgs;gif;jpg;jpeg;jpe;resx;tiff;tif;png;wav;mfcribbon-ms</Extensions>
    </Filter>
    <Filter Include="core">
      <UniqueIdentifier>{09c12f39-5ae9-4d86-be98-2d7ad30dc275}</UniqueIdentifier>
    </Filter>
    <Filter Include="precompiled_header">
      <UniqueIdentifier>{b1b412e6-6a2d-49d9-82ad-74d425f024f7}</UniqueIdentifier>
    </Filter>
    <Filter Include="shaders">
      <UniqueIdentifier>{35223a1b-fdbf-4126-9d5f-3d3c67795c8f}</UniqueIdentifier>
    </Filter>
    <Filter Include="serialization">
      <UniqueIdentifier>{ed8d0140-91da-4d40-b79b-b3f8b4436eee}</UniqueIdentifier>
    </Filter>
    <Filter Include="content_generation">
      <UniqueIdentifier>{0c74ac19-56cb-46a4-9586-8aaa03e98267}</UniqueIdentifier>
    </Filter>
    <Filter Include="utils">
      <UniqueIdentifier>{a4b32f1b-8dd1-4667-ba27-9076876fda90}</UniqueIdentifier>
    </Filter>
    <Filter Include="core\RenderPasses">
      <UniqueIdentifier>{12b0dd21-4544-444e-a29a-0460c09b0323}</UniqueIdentifier>
    </Filter>
    <Filter Include="imgui_impl">
      <UniqueIdentifier>{c028cdfb-5771-4c04-b02d-1f4e392fdffe}</UniqueIdentifier>
    </Filter>
    <Filter Include="core\Effects">
      <UniqueIdentifier>{8865e865-d47e-424f-8885-2361ce994993}</UniqueIdentifier>
    </Filter>
    <Filter Include="shaders\postprocess">
      <UniqueIdentifier>{a54c8838-c78e-4721-b789-8c3c30ddc5cc}</UniqueIdentifier>
    </Filter>
    <Filter Include="shaders\lib">
      <UniqueIdentifier>{2e11566b-ae71-43bc-b79d-7a0ec78386ab}</UniqueIdentifier>
    </Filter>
    <Filter Include="shaders\bindings">
      <UniqueIdentifier>{0c969b3d-215d-40a1-bd0d-e94201d97fe2}</UniqueIdentifier>
    </Filter>
    <Filter Include="shaders\depth-only">
      <UniqueIdentifier>{901cc896-3b17-47bd-a513-05917b8f9890}</UniqueIdentifier>
    </Filter>
    <Filter Include="core\SceneSystems">
      <UniqueIdentifier>{77a1d5de-257c-40cc-94b7-f24a940275ad}</UniqueIdentifier>
    </Filter>
    <Filter Include="shaders\pssm">
      <UniqueIdentifier>{afd82de6-ae6e-48f3-8b16-900e968d79d0}</UniqueIdentifier>
    </Filter>
    <Filter Include="core\Framegraph">
      <UniqueIdentifier>{fd61c60e-90e5-4f6f-b32d-1894c1750d73}</UniqueIdentifier>
    </Filter>
    <Filter Include="core\Framegraph\Nodes">
      <UniqueIdentifier>{2d5967f4-79c6-43de-a957-10206cad3c9c}</UniqueIdentifier>
    </Filter>
    <Filter Include="core\FramegraphDataProviders">
      <UniqueIdentifier>{4bc63b8b-1711-4485-9079-bc20a363e44f}</UniqueIdentifier>
    </Filter>
    <Filter Include="core\Tools">
      <UniqueIdentifier>{ce71357a-f0df-4769-a97a-5f73f048c0fb}</UniqueIdentifier>
    </Filter>
    <Filter Include="shaders\cubemap_gen">
      <UniqueIdentifier>{ce817180-18b7-4ffc-8503-62fe1a2cf561}</UniqueIdentifier>
    </Filter>
    <Filter Include="core\APILayer">
      <UniqueIdentifier>{3e2ee7e0-ab53-4020-9e13-f8f64b64f9b4}</UniqueIdentifier>
    </Filter>
    <Filter Include="core\APILayer\DescriptorUtils">
      <UniqueIdentifier>{98d7b39d-3574-4896-82d6-371fdb2d92c2}</UniqueIdentifier>
    </Filter>
    <Filter Include="shaders\forward_lighting">
      <UniqueIdentifier>{29f1f4c6-6035-4b02-82e2-734dbca489be}</UniqueIdentifier>
    </Filter>
  </ItemGroup>
  <ItemGroup>
    <ClCompile Include="src\main.cpp">
      <Filter>Source Files</Filter>
    </ClCompile>
    <ClCompile Include="src\RenderApp.cpp">
      <Filter>core</Filter>
    </ClCompile>
    <ClCompile Include="src\stdafx.cpp">
      <Filter>precompiled_header</Filter>
    </ClCompile>
    <ClCompile Include="src\GeomGeneration.cpp">
      <Filter>content_generation</Filter>
    </ClCompile>
    <ClCompile Include="src\RenderUtils.cpp">
      <Filter>core</Filter>
    </ClCompile>
    <ClCompile Include="src\D3DApp.cpp">
      <Filter>core</Filter>
    </ClCompile>
    <ClCompile Include="src\GameTimer.cpp">
      <Filter>core</Filter>
    </ClCompile>
    <ClCompile Include="src\SceneImporter.cpp">
      <Filter>serialization</Filter>
    </ClCompile>
    <ClCompile Include="src\ForwardLightingPass.cpp">
      <Filter>core\RenderPasses</Filter>
    </ClCompile>
    <ClCompile Include="src\DepthOnlyPass.cpp">
      <Filter>core\RenderPasses</Filter>
    </ClCompile>
    <ClCompile Include="src\imgui_impl\imgui_impl_dx12.cpp">
      <Filter>imgui_impl</Filter>
    </ClCompile>
    <ClCompile Include="src\imgui_impl\imgui_impl_win32.cpp">
      <Filter>imgui_impl</Filter>
    </ClCompile>
    <ClCompile Include="src\imgui_impl\imgui_link.cpp">
      <Filter>imgui_impl</Filter>
    </ClCompile>
    <ClCompile Include="src\TemporalBlendPass.cpp">
      <Filter>core\RenderPasses</Filter>
    </ClCompile>
    <ClCompile Include="src\TemporalAA.cpp">
      <Filter>core\Effects</Filter>
    </ClCompile>
    <ClCompile Include="src\ToneMappingPass.cpp">
      <Filter>core\RenderPasses</Filter>
    </ClCompile>
    <ClCompile Include="src\utils\CompileTimeTests.cpp">
      <Filter>utils</Filter>
    </ClCompile>
    <ClCompile Include="src\HBAOPass.cpp">
      <Filter>core\RenderPasses</Filter>
    </ClCompile>
    <ClCompile Include="src\DescriptorHeap.cpp">
      <Filter>core\APILayer\DescriptorUtils</Filter>
    </ClCompile>
    <ClCompile Include="src\StagingDescriptorHeap.cpp">
      <Filter>core\APILayer\DescriptorUtils</Filter>
    </ClCompile>
    <ClCompile Include="src\Scene.cpp">
      <Filter>core</Filter>
    </ClCompile>
    <ClCompile Include="src\SceneManager.cpp">
      <Filter>core</Filter>
    </ClCompile>
    <ClCompile Include="src\DescriptorTableBakery.cpp">
      <Filter>core\APILayer\DescriptorUtils</Filter>
    </ClCompile>
    <ClCompile Include="src\DynamicSceneBuffers.cpp">
      <Filter>core\SceneSystems</Filter>
    </ClCompile>
    <ClCompile Include="src\MaterialTableBaker.cpp">
      <Filter>core\SceneSystems</Filter>
    </ClCompile>
    <ClCompile Include="src\StaticMeshManager.cpp">
      <Filter>core\SceneSystems</Filter>
    </ClCompile>
    <ClCompile Include="src\TextureStreamer.cpp">
      <Filter>core\SceneSystems</Filter>
    </ClCompile>
    <ClCompile Include="src\ForwardCBProvider.cpp">
      <Filter>core\FramegraphDataProviders</Filter>
    </ClCompile>
    <ClCompile Include="src\ShadowProvider.cpp">
      <Filter>core\FramegraphDataProviders</Filter>
    </ClCompile>
    <ClCompile Include="src\UVScreenDensityCalculator.cpp">
      <Filter>core\SceneSystems</Filter>
    </ClCompile>
    <ClCompile Include="src\utils\MemoryMappedFile.cpp">
      <Filter>utils</Filter>
    </ClCompile>
    <ClCompile Include="src\DepthAwareBlurPass.cpp">
      <Filter>core\RenderPasses</Filter>
    </ClCompile>
    <ClCompile Include="src\ResizableTexture.cpp">
      <Filter>core</Filter>
    </ClCompile>
    <ClCompile Include="src\ParallelSplitShadowMapping.cpp">
      <Filter>core\Effects</Filter>
    </ClCompile>
    <ClCompile Include="src\PSSMGenPass.cpp">
      <Filter>core\RenderPasses</Filter>
    </ClCompile>
    <ClCompile Include="src\RenderPass.cpp">
      <Filter>core\RenderPasses</Filter>
    </ClCompile>
    <ClCompile Include="src\SkyboxPass.cpp">
      <Filter>core\RenderPasses</Filter>
    </ClCompile>
    <ClCompile Include="src\StaticTextureManager.cpp">
      <Filter>core\SceneSystems</Filter>
    </ClCompile>
    <ClCompile Include="src\CubemapConverter.cpp">
      <Filter>core\Tools</Filter>
    </ClCompile>
    <ClCompile Include="src\OldRenderer.cpp">
      <Filter>core</Filter>
    </ClCompile>
    <ClCompile Include="src\SceneRenderer.cpp">
      <Filter>core</Filter>
    </ClCompile>
    <ClCompile Include="src\MathUtils.cpp">
      <Filter>utils</Filter>
    </ClCompile>
    <ClCompile Include="src\CircularUploadBuffer.cpp">
      <Filter>core\APILayer</Filter>
    </ClCompile>
    <ClCompile Include="src\GPUPagedAllocator.cpp">
      <Filter>core\APILayer</Filter>
    </ClCompile>
    <ClCompile Include="src\GPUTaskQueue.cpp">
      <Filter>core\APILayer</Filter>
    </ClCompile>
    <ClCompile Include="src\CubemapManager.cpp">
      <Filter>core</Filter>
    </ClCompile>
    <ClCompile Include="src\CommandListPool.cpp">
      <Filter>core\APILayer</Filter>
    </ClCompile>
  </ItemGroup>
  <ItemGroup>
    <ClInclude Include="src\RenderApp.h">
      <Filter>core</Filter>
    </ClInclude>
    <ClInclude Include="src\stdafx.h">
      <Filter>precompiled_header</Filter>
    </ClInclude>
    <ClInclude Include="src\RenderData.h">
      <Filter>core</Filter>
    </ClInclude>
    <ClInclude Include="src\GeomGeneration.h">
      <Filter>content_generation</Filter>
    </ClInclude>
    <ClInclude Include="src\GeomGeneration.hpp">
      <Filter>content_generation</Filter>
    </ClInclude>
    <ClInclude Include="src\FrameResource.h">
      <Filter>core</Filter>
    </ClInclude>
    <ClInclude Include="src\RenderUtils.h">
      <Filter>core</Filter>
    </ClInclude>
    <ClInclude Include="src\D3DApp.h">
      <Filter>core</Filter>
    </ClInclude>
    <ClInclude Include="src\GameTimer.h">
      <Filter>core</Filter>
    </ClInclude>
    <ClInclude Include="src\ForwardLightingPass.h">
      <Filter>core\RenderPasses</Filter>
    </ClInclude>
    <ClInclude Include="src\SceneImporter.h">
      <Filter>serialization</Filter>
    </ClInclude>
    <ClInclude Include="src\DepthOnlyPass.h">
      <Filter>core\RenderPasses</Filter>
    </ClInclude>
    <ClInclude Include="src\imgui_impl\imgui_impl_dx12.h">
      <Filter>imgui_impl</Filter>
    </ClInclude>
    <ClInclude Include="src\imgui_impl\imgui_impl_win32.h">
      <Filter>imgui_impl</Filter>
    </ClInclude>
    <ClInclude Include="src\TemporalBlendPass.h">
      <Filter>core\RenderPasses</Filter>
    </ClInclude>
    <ClInclude Include="src\TemporalAA.h">
      <Filter>core\Effects</Filter>
    </ClInclude>
    <ClInclude Include="src\ToneMappingPass.h">
      <Filter>core\RenderPasses</Filter>
    </ClInclude>
    <ClInclude Include="src\utils\UniqueTuple.h">
      <Filter>utils</Filter>
    </ClInclude>
    <ClInclude Include="src\HBAOPass.h">
      <Filter>core\RenderPasses</Filter>
    </ClInclude>
    <ClInclude Include="src\StagingDescriptorHeap.h">
      <Filter>core\APILayer\DescriptorUtils</Filter>
    </ClInclude>
    <ClInclude Include="src\DescriptorHeap.h">
      <Filter>core\APILayer\DescriptorUtils</Filter>
    </ClInclude>
    <ClInclude Include="src\utils\packed_freelist.h">
      <Filter>utils</Filter>
    </ClInclude>
    <ClInclude Include="src\utils\packed_freelist.hpp">
      <Filter>utils</Filter>
    </ClInclude>
    <ClInclude Include="src\Scene.h">
      <Filter>core</Filter>
    </ClInclude>
    <ClInclude Include="src\SceneItems.h">
      <Filter>core</Filter>
    </ClInclude>
    <ClInclude Include="src\SceneManager.h">
      <Filter>core</Filter>
    </ClInclude>
    <ClInclude Include="src\DescriptorTableBakery.h">
      <Filter>core\APILayer\DescriptorUtils</Filter>
    </ClInclude>
    <ClInclude Include="src\DynamicSceneBuffers.h">
      <Filter>core\SceneSystems</Filter>
    </ClInclude>
    <ClInclude Include="src\MaterialTableBaker.h">
      <Filter>core\SceneSystems</Filter>
    </ClInclude>
    <ClInclude Include="src\StaticMeshManager.h">
      <Filter>core\SceneSystems</Filter>
    </ClInclude>
    <ClInclude Include="src\TextureStreamer.h">
      <Filter>core\SceneSystems</Filter>
    </ClInclude>
    <ClInclude Include="src\SceneSystemData.h">
      <Filter>core\SceneSystems</Filter>
    </ClInclude>
    <ClInclude Include="src\ForwardCBProvider.h">
      <Filter>core\FramegraphDataProviders</Filter>
    </ClInclude>
    <ClInclude Include="src\utils\span.h">
      <Filter>utils</Filter>
    </ClInclude>
    <ClInclude Include="src\ShadowProvider.h">
      <Filter>core\FramegraphDataProviders</Filter>
    </ClInclude>
    <ClInclude Include="src\UVScreenDensityCalculator.h">
      <Filter>core\SceneSystems</Filter>
    </ClInclude>
    <ClInclude Include="src\Ptr.h">
      <Filter>core</Filter>
    </ClInclude>
    <ClInclude Include="src\utils\MemoryMappedFile.h">
      <Filter>utils</Filter>
    </ClInclude>
    <ClInclude Include="src\DepthAwareBlurPass.h">
      <Filter>core\RenderPasses</Filter>
    </ClInclude>
    <ClInclude Include="src\ResizableTexture.h">
      <Filter>core</Filter>
    </ClInclude>
    <ClInclude Include="src\ParallelSplitShadowMapping.h">
      <Filter>core\Effects</Filter>
    </ClInclude>
    <ClInclude Include="src\PSSMGenPass.h">
      <Filter>core\RenderPasses</Filter>
    </ClInclude>
    <ClInclude Include="src\RenderPass.h">
      <Filter>core\RenderPasses</Filter>
    </ClInclude>
    <ClInclude Include="src\ForwardPassNode.h">
      <Filter>core\Framegraph\Nodes</Filter>
    </ClInclude>
    <ClInclude Include="src\BlurSSAONode.h">
      <Filter>core\Framegraph\Nodes</Filter>
    </ClInclude>
    <ClInclude Include="src\DepthPrepassNode.h">
      <Filter>core\Framegraph\Nodes</Filter>
    </ClInclude>
    <ClInclude Include="src\ShadowPassNode.h">
      <Filter>core\Framegraph\Nodes</Filter>
    </ClInclude>
    <ClInclude Include="src\PSSMNode.h">
      <Filter>core\Framegraph\Nodes</Filter>
    </ClInclude>
    <ClInclude Include="src\HBAONode.h">
      <Filter>core\Framegraph\Nodes</Filter>
    </ClInclude>
    <ClInclude Include="src\ToneMapNode.h">
      <Filter>core\Framegraph\Nodes</Filter>
    </ClInclude>
    <ClInclude Include="src\SkyboxPass.h">
      <Filter>core\RenderPasses</Filter>
    </ClInclude>
    <ClInclude Include="src\SkyboxNode.h">
      <Filter>core\Framegraph\Nodes</Filter>
    </ClInclude>
    <ClInclude Include="src\utils\OptionalTuple.h">
      <Filter>utils</Filter>
    </ClInclude>
    <ClInclude Include="src\Framegraph.h">
      <Filter>core\Framegraph</Filter>
    </ClInclude>
    <ClInclude Include="src\FramegraphResource.h">
      <Filter>core\Framegraph</Filter>
    </ClInclude>
    <ClInclude Include="src\StaticTextureManager.h">
      <Filter>core\SceneSystems</Filter>
    </ClInclude>
    <ClInclude Include="src\CubemapConverter.h">
      <Filter>core\Tools</Filter>
    </ClInclude>
    <ClInclude Include="src\OldRenderer.h">
      <Filter>core</Filter>
    </ClInclude>
    <ClInclude Include="src\SceneRenderer.h">
      <Filter>core</Filter>
    </ClInclude>
    <ClInclude Include="src\MathUtils.h">
      <Filter>utils</Filter>
    </ClInclude>
    <ClInclude Include="src\CircularUploadBuffer.h">
      <Filter>core\APILayer</Filter>
    </ClInclude>
    <ClInclude Include="src\GPUPagedAllocator.h">
      <Filter>core\APILayer</Filter>
    </ClInclude>
    <ClInclude Include="src\GPUTaskQueue.h">
      <Filter>core\APILayer</Filter>
    </ClInclude>
    <ClInclude Include="src\CubemapManager.h">
      <Filter>core</Filter>
    </ClInclude>
    <ClInclude Include="src\CommandListPool.h">
      <Filter>core\APILayer</Filter>
    </ClInclude>
    <ClInclude Include="src\FramegraphImpl.h">
      <Filter>core\Framegraph</Filter>
    </ClInclude>
  </ItemGroup>
  <ItemGroup>
    <FxCompile Include="shaders\temporal_blend_ps.hlsl">
      <Filter>shaders\postprocess</Filter>
    </FxCompile>
    <FxCompile Include="shaders\fullscreen_quad_vs.hlsl">
      <Filter>shaders\postprocess</Filter>
    </FxCompile>
    <FxCompile Include="shaders\tonemap.hlsl">
      <Filter>shaders\postprocess</Filter>
    </FxCompile>
    <FxCompile Include="shaders\depth_only_vs.hlsl">
      <Filter>shaders\depth-only</Filter>
    </FxCompile>
    <FxCompile Include="shaders\depth_prepass_ps.hlsl">
      <Filter>shaders\depth-only</Filter>
    </FxCompile>
    <FxCompile Include="shaders\postprocess\hbao_generation.hlsl">
      <Filter>shaders\postprocess</Filter>
    </FxCompile>
    <FxCompile Include="shaders\postprocess\separable_blur.hlsl">
      <Filter>shaders\postprocess</Filter>
    </FxCompile>
    <FxCompile Include="shaders\pssm_gs.hlsl">
      <Filter>shaders\pssm</Filter>
    </FxCompile>
    <FxCompile Include="shaders\pssm_vs.hlsl">
      <Filter>shaders\pssm</Filter>
    </FxCompile>
    <FxCompile Include="shaders\skybox_ps.hlsl">
      <Filter>shaders</Filter>
    </FxCompile>
    <FxCompile Include="shaders\cubemap_gen_vs.hlsl">
      <Filter>shaders\cubemap_gen</Filter>
    </FxCompile>
    <FxCompile Include="shaders\cubemap_gen_ps.hlsl">
      <Filter>shaders\cubemap_gen</Filter>
    </FxCompile>
    <FxCompile Include="shaders\forward_vs.hlsl">
      <Filter>shaders\forward_lighting</Filter>
    </FxCompile>
    <FxCompile Include="shaders\forward_gs.hlsl">
      <Filter>shaders\forward_lighting</Filter>
    </FxCompile>
    <FxCompile Include="shaders\forward_ps.hlsl">
      <Filter>shaders\forward_lighting</Filter>
    </FxCompile>
  </ItemGroup>
  <ItemGroup>
    <None Include="shaders\lib\lighting.hlsli">
      <Filter>shaders\lib</Filter>
    </None>
    <None Include="shaders\bindings\object_cb.hlsli">
      <Filter>shaders\bindings</Filter>
    </None>
    <None Include="shaders\bindings\material_cb.hlsli">
      <Filter>shaders\bindings</Filter>
    </None>
    <None Include="shaders\bindings\pass_cb.hlsli">
      <Filter>shaders\bindings</Filter>
    </None>
    <None Include="shaders\lib\math_utils.hlsli">
      <Filter>shaders\lib</Filter>
    </None>
    <None Include="shaders\lib\shadows.hlsli">
      <Filter>shaders\lib</Filter>
    </None>
    <None Include="shaders\lib\colorspaces.hlsli">
      <Filter>shaders\lib</Filter>
    </None>
    <None Include="shaders\bindings\light_cb.hlsli">
      <Filter>shaders\bindings</Filter>
    </None>
  </ItemGroup>
</Project>