
Microsoft Visual Studio Solution File, Format Version 12.00
# Visual Studio Version 17
VisualStudioVersion = 17.0.32112.339
MinimumVisualStudioVersion = 10.0.40219.1
Project("{8BC9CEB8-8B4A-11D0-8D11-00A0C91BC942}") = "snow_engine", "msvs\snow_engine.vcxproj", "{EB59A200-985F-4FE9-B1CB-AA4C528CD62E}"
EndProject
Project("{8BC9CEB8-8B4A-11D0-8D11-00A0C91BC942}") = "tests", "msvs\tests.vcxproj", "{770175B2-6AEE-4AF3-A018-DDDD8240245E}"
	ProjectSection(ProjectDependencies) = postProject
		{EB59A200-985F-4FE9-B1CB-AA4C528CD62E} = {EB59A200-985F-4FE9-B1CB-AA4C528CD62E}
		{E8C9AF06-9047-4306-A468-A26FD27F35C2} = {E8C9AF06-9047-4306-A468-A26FD27F35C2}
	EndProjectSection
EndProject
Project("{8BC9CEB8-8B4A-11D0-8D11-00A0C91BC942}") = "viewer", "msvs\viewer.vcxproj", "{E8C9AF06-9047-4306-A468-A26FD27F35C2}"
	ProjectSection(ProjectDependencies) = postProject
		{EB59A200-985F-4FE9-B1CB-AA4C528CD62E} = {EB59A200-985F-4FE9-B1CB-AA4C528CD62E}
	EndProjectSection
EndProject
Project("{8BC9CEB8-8B4A-11D0-8D11-00A0C91BC942}") = "geom_debugger", "msvs\geom_debugger\geom_debugger.vcxproj", "{4E5A98E6-A66E-4612-8FAE-9E9ECC37F7B6}"
	ProjectSection(ProjectDependencies) = postProject
		{EB59A200-985F-4FE9-B1CB-AA4C528CD62E} = {EB59A200-985F-4FE9-B1CB-AA4C528CD62E}
	EndProjectSection
EndProject
Project("{8BC9CEB8-8B4A-11D0-8D11-00A0C91BC942}") = "hlsl_unit_tester", "msvs\hlsl_unit_tester\hlsl_unit_tester.vcxproj", "{0BB76224-B5B9-4323-8D08-42A471436BF0}"
EndProject
Project("{8BC9CEB8-8B4A-11D0-8D11-00A0C91BC942}") = "RHI", "msvs\RHI\RHI.vcxproj", "{6DCB3A59-0FCE-4822-BCFC-B9E738ABBCE5}"
EndProject
Project("{8BC9CEB8-8B4A-11D0-8D11-00A0C91BC942}") = "VulkanRHI", "msvs\VulkanRHI\VulkanRHI.vcxproj", "{0BD1E9B2-BF5B-4637-949F-3FF801966B7C}"
	ProjectSection(ProjectDependencies) = postProject
		{6DCB3A59-0FCE-4822-BCFC-B9E738ABBCE5} = {6DCB3A59-0FCE-4822-BCFC-B9E738ABBCE5}
		{488C41AC-3709-4EE5-838D-B12872D4DDAB} = {488C41AC-3709-4EE5-838D-B12872D4DDAB}
	EndProjectSection
EndProject
Project("{2150E333-8FDC-42A3-9474-1A3956D46DE8}") = "RenderBackend", "RenderBackend", "{C637393B-11DB-45C2-A86A-FFBB55023510}"
EndProject
Project("{2150E333-8FDC-42A3-9474-1A3956D46DE8}") = "Tools", "Tools", "{A564BE2F-21D0-48D6-B542-2D93948C2F05}"
EndProject
Project("{8BC9CEB8-8B4A-11D0-8D11-00A0C91BC942}") = "D3D12RHI", "msvs\D3D12RHI\D3D12RHI.vcxproj", "{9242953C-DD21-439D-B184-CDE6859DA4C3}"
	ProjectSection(ProjectDependencies) = postProject
		{6DCB3A59-0FCE-4822-BCFC-B9E738ABBCE5} = {6DCB3A59-0FCE-4822-BCFC-B9E738ABBCE5}
	EndProjectSection
EndProject
Project("{8BC9CEB8-8B4A-11D0-8D11-00A0C91BC942}") = "RHITestApp", "msvs\RHITestApp\RHITestApp.vcxproj", "{F7293078-F6E2-423B-8DE1-F3980E1D349D}"
	ProjectSection(ProjectDependencies) = postProject
		{9242953C-DD21-439D-B184-CDE6859DA4C3} = {9242953C-DD21-439D-B184-CDE6859DA4C3}
		{0BD1E9B2-BF5B-4637-949F-3FF801966B7C} = {0BD1E9B2-BF5B-4637-949F-3FF801966B7C}
	EndProjectSection
EndProject
Project("{8BC9CEB8-8B4A-11D0-8D11-00A0C91BC942}") = "Sandbox", "msvs\Sandbox\Sandbox.vcxproj", "{C98B6A19-E975-44C5-B0C6-0A7D9DE4D52E}"
	ProjectSection(ProjectDependencies) = postProject
		{9242953C-DD21-439D-B184-CDE6859DA4C3} = {9242953C-DD21-439D-B184-CDE6859DA4C3}
		{6DCB3A59-0FCE-4822-BCFC-B9E738ABBCE5} = {6DCB3A59-0FCE-4822-BCFC-B9E738ABBCE5}
		{FF9A3560-585A-4F45-AF5A-DB735F24E7B7} = {FF9A3560-585A-4F45-AF5A-DB735F24E7B7}
		{488C41AC-3709-4EE5-838D-B12872D4DDAB} = {488C41AC-3709-4EE5-838D-B12872D4DDAB}
		{0BD1E9B2-BF5B-4637-949F-3FF801966B7C} = {0BD1E9B2-BF5B-4637-949F-3FF801966B7C}
	EndProjectSection
EndProject
Project("{8BC9CEB8-8B4A-11D0-8D11-00A0C91BC942}") = "Shaders", "msvs\Shaders\Shaders.vcxproj", "{41F74014-2DBA-4069-8113-C415FD891284}"
EndProject
Project("{8BC9CEB8-8B4A-11D0-8D11-00A0C91BC942}") = "Core", "msvs\Core\Core.vcxproj", "{488C41AC-3709-4EE5-838D-B12872D4DDAB}"
EndProject
Project("{8BC9CEB8-8B4A-11D0-8D11-00A0C91BC942}") = "Engine", "msvs\Engine\Engine.vcxproj", "{FF9A3560-585A-4F45-AF5A-DB735F24E7B7}"
EndProject
Global
	GlobalSection(SolutionConfigurationPlatforms) = preSolution
		Debug|x64 = Debug|x64
		Release|x64 = Release|x64
	EndGlobalSection
	GlobalSection(ProjectConfigurationPlatforms) = postSolution
		{EB59A200-985F-4FE9-B1CB-AA4C528CD62E}.Debug|x64.ActiveCfg = Debug|x64
		{EB59A200-985F-4FE9-B1CB-AA4C528CD62E}.Debug|x64.Build.0 = Debug|x64
		{EB59A200-985F-4FE9-B1CB-AA4C528CD62E}.Release|x64.ActiveCfg = Release|x64
		{EB59A200-985F-4FE9-B1CB-AA4C528CD62E}.Release|x64.Build.0 = Release|x64
		{770175B2-6AEE-4AF3-A018-DDDD8240245E}.Debug|x64.ActiveCfg = Debug|x64
		{770175B2-6AEE-4AF3-A018-DDDD8240245E}.Debug|x64.Build.0 = Debug|x64
		{770175B2-6AEE-4AF3-A018-DDDD8240245E}.Release|x64.ActiveCfg = Release|x64
		{770175B2-6AEE-4AF3-A018-DDDD8240245E}.Release|x64.Build.0 = Release|x64
		{E8C9AF06-9047-4306-A468-A26FD27F35C2}.Debug|x64.ActiveCfg = Debug|x64
		{E8C9AF06-9047-4306-A468-A26FD27F35C2}.Debug|x64.Build.0 = Debug|x64
		{E8C9AF06-9047-4306-A468-A26FD27F35C2}.Release|x64.ActiveCfg = Release|x64
		{E8C9AF06-9047-4306-A468-A26FD27F35C2}.Release|x64.Build.0 = Release|x64
		{4E5A98E6-A66E-4612-8FAE-9E9ECC37F7B6}.Debug|x64.ActiveCfg = Debug|x64
		{4E5A98E6-A66E-4612-8FAE-9E9ECC37F7B6}.Debug|x64.Build.0 = Debug|x64
		{4E5A98E6-A66E-4612-8FAE-9E9ECC37F7B6}.Release|x64.ActiveCfg = Release|x64
		{4E5A98E6-A66E-4612-8FAE-9E9ECC37F7B6}.Release|x64.Build.0 = Release|x64
		{0BB76224-B5B9-4323-8D08-42A471436BF0}.Debug|x64.ActiveCfg = Debug|x64
		{0BB76224-B5B9-4323-8D08-42A471436BF0}.Debug|x64.Build.0 = Debug|x64
		{0BB76224-B5B9-4323-8D08-42A471436BF0}.Release|x64.ActiveCfg = Release|x64
		{0BB76224-B5B9-4323-8D08-42A471436BF0}.Release|x64.Build.0 = Release|x64
		{6DCB3A59-0FCE-4822-BCFC-B9E738ABBCE5}.Debug|x64.ActiveCfg = Debug|x64
		{6DCB3A59-0FCE-4822-BCFC-B9E738ABBCE5}.Debug|x64.Build.0 = Debug|x64
		{6DCB3A59-0FCE-4822-BCFC-B9E738ABBCE5}.Release|x64.ActiveCfg = Release|x64
		{6DCB3A59-0FCE-4822-BCFC-B9E738ABBCE5}.Release|x64.Build.0 = Release|x64
		{0BD1E9B2-BF5B-4637-949F-3FF801966B7C}.Debug|x64.ActiveCfg = Debug|x64
		{0BD1E9B2-BF5B-4637-949F-3FF801966B7C}.Debug|x64.Build.0 = Debug|x64
		{0BD1E9B2-BF5B-4637-949F-3FF801966B7C}.Release|x64.ActiveCfg = Release|x64
		{0BD1E9B2-BF5B-4637-949F-3FF801966B7C}.Release|x64.Build.0 = Release|x64
		{9242953C-DD21-439D-B184-CDE6859DA4C3}.Debug|x64.ActiveCfg = Debug|x64
		{9242953C-DD21-439D-B184-CDE6859DA4C3}.Debug|x64.Build.0 = Debug|x64
		{9242953C-DD21-439D-B184-CDE6859DA4C3}.Release|x64.ActiveCfg = Release|x64
		{9242953C-DD21-439D-B184-CDE6859DA4C3}.Release|x64.Build.0 = Release|x64
		{F7293078-F6E2-423B-8DE1-F3980E1D349D}.Debug|x64.ActiveCfg = Debug|x64
		{F7293078-F6E2-423B-8DE1-F3980E1D349D}.Debug|x64.Build.0 = Debug|x64
		{F7293078-F6E2-423B-8DE1-F3980E1D349D}.Release|x64.ActiveCfg = Release|x64
		{F7293078-F6E2-423B-8DE1-F3980E1D349D}.Release|x64.Build.0 = Release|x64
		{C98B6A19-E975-44C5-B0C6-0A7D9DE4D52E}.Debug|x64.ActiveCfg = Debug|x64
		{C98B6A19-E975-44C5-B0C6-0A7D9DE4D52E}.Debug|x64.Build.0 = Debug|x64
		{C98B6A19-E975-44C5-B0C6-0A7D9DE4D52E}.Release|x64.ActiveCfg = Release|x64
		{C98B6A19-E975-44C5-B0C6-0A7D9DE4D52E}.Release|x64.Build.0 = Release|x64
		{41F74014-2DBA-4069-8113-C415FD891284}.Debug|x64.ActiveCfg = Debug|x64
		{41F74014-2DBA-4069-8113-C415FD891284}.Debug|x64.Build.0 = Debug|x64
		{41F74014-2DBA-4069-8113-C415FD891284}.Release|x64.ActiveCfg = Release|x64
		{41F74014-2DBA-4069-8113-C415FD891284}.Release|x64.Build.0 = Release|x64
		{488C41AC-3709-4EE5-838D-B12872D4DDAB}.Debug|x64.ActiveCfg = Debug|x64
		{488C41AC-3709-4EE5-838D-B12872D4DDAB}.Debug|x64.Build.0 = Debug|x64
		{488C41AC-3709-4EE5-838D-B12872D4DDAB}.Release|x64.ActiveCfg = Release|x64
		{488C41AC-3709-4EE5-838D-B12872D4DDAB}.Release|x64.Build.0 = Release|x64
		{FF9A3560-585A-4F45-AF5A-DB735F24E7B7}.Debug|x64.ActiveCfg = Debug|x64
		{FF9A3560-585A-4F45-AF5A-DB735F24E7B7}.Debug|x64.Build.0 = Debug|x64
		{FF9A3560-585A-4F45-AF5A-DB735F24E7B7}.Release|x64.ActiveCfg = Release|x64
		{FF9A3560-585A-4F45-AF5A-DB735F24E7B7}.Release|x64.Build.0 = Release|x64
	EndGlobalSection
	GlobalSection(SolutionProperties) = preSolution
		HideSolutionNode = FALSE
	EndGlobalSection
	GlobalSection(NestedProjects) = preSolution
		{4E5A98E6-A66E-4612-8FAE-9E9ECC37F7B6} = {A564BE2F-21D0-48D6-B542-2D93948C2F05}
		{0BB76224-B5B9-4323-8D08-42A471436BF0} = {A564BE2F-21D0-48D6-B542-2D93948C2F05}
		{6DCB3A59-0FCE-4822-BCFC-B9E738ABBCE5} = {C637393B-11DB-45C2-A86A-FFBB55023510}
		{0BD1E9B2-BF5B-4637-949F-3FF801966B7C} = {C637393B-11DB-45C2-A86A-FFBB55023510}
		{9242953C-DD21-439D-B184-CDE6859DA4C3} = {C637393B-11DB-45C2-A86A-FFBB55023510}
		{F7293078-F6E2-423B-8DE1-F3980E1D349D} = {C637393B-11DB-45C2-A86A-FFBB55023510}
	EndGlobalSection
	GlobalSection(ExtensibilityGlobals) = postSolution
		SolutionGuid = {9A3436E0-D523-48F0-B168-E9A3033E6223}
	EndGlobalSection
EndGlobal
