<?xml version="1.0" encoding="utf-8"?>
<Project ToolsVersion="4.0" xmlns="http://schemas.microsoft.com/developer/msbuild/2003">
  <ItemGroup>
    <ClCompile Include="..\..\src\Engine\StdAfx.cpp" />
    <ClCompile Include="..\..\src\Engine\EngineApp.cpp" />
    <ClCompile Include="..\..\src\ImguiBackend\imgui_impl_sdl2.cpp">
      <Filter>ImguiBackend</Filter>
    </ClCompile>
    <ClCompile Include="..\..\src\ImguiBackend\ImguiBackend.cpp">
      <Filter>ImguiBackend</Filter>
    </ClCompile>
    <ClCompile Include="..\..\src\ImguiBackend\ImguiLink.cpp">
      <Filter>ImguiBackend</Filter>
    </ClCompile>
    <ClCompile Include="..\..\src\Engine\Assets.cpp" />
    <ClCompile Include="..\..\src\Engine\AssetManager.cpp" />
    <ClCompile Include="..\..\src\Engine\RHIUtils.cpp" />
  </ItemGroup>
  <ItemGroup>
    <ClInclude Include="..\..\src\Engine\StdAfx.h" />
    <ClInclude Include="..\..\src\Engine\EngineApp.h" />
    <ClInclude Include="..\..\src\ImguiBackend\imgui_impl_sdl2.h">
      <Filter>ImguiBackend</Filter>
    </ClInclude>
    <ClInclude Include="..\..\src\ImguiBackend\ImguiBackend.h">
      <Filter>ImguiBackend</Filter>
    </ClInclude>
    <ClInclude Include="..\..\src\Engine\Assets.h" />
    <ClInclude Include="..\..\src\Engine\AssetManager.h" />
    <ClInclude Include="..\..\src\Engine\RHIUtils.h" />
  </ItemGroup>
  <ItemGroup>
    <Filter Include="ImguiBackend">
      <UniqueIdentifier>{a742af38-90d2-4eb2-8da5-eba649d66965}</UniqueIdentifier>
    </Filter>
  </ItemGroup>
</Project>