<?xml version="1.0" encoding="utf-8"?>
<Project ToolsVersion="4.0" xmlns="http://schemas.microsoft.com/developer/msbuild/2003">
  <ItemGroup>
    <ClInclude Include="..\..\src\VulkanRHI\VulkanRHI.h" />
    <ClInclude Include="..\..\src\VulkanRHI\VulkanRHIImpl.h" />
    <ClInclude Include="..\..\src\VulkanRHI\StdAfx.h" />
    <ClInclude Include="..\..\src\VulkanRHI\Validation.h" />
    <ClInclude Include="..\..\src\VulkanRHI\Swapchain.h" />
    <ClInclude Include="..\..\src\VulkanRHI\CommandLists.h" />
    <ClInclude Include="..\..\src\VulkanRHI\Shader.h" />
    <ClInclude Include="..\..\src\VulkanRHI\PSO.h" />
  </ItemGroup>
  <ItemGroup>
    <ClCompile Include="..\..\src\VulkanRHI\VulkanRHI.cpp" />
    <ClCompile Include="..\..\src\VulkanRHI\VulkanRHIImpl.cpp" />
    <ClCompile Include="..\..\src\VulkanRHI\StdAfx.cpp" />
    <ClCompile Include="..\..\src\VulkanRHI\Validation.cpp" />
    <ClCompile Include="..\..\src\VulkanRHI\Swapchain.cpp" />
    <ClCompile Include="..\..\src\VulkanRHI\CommandLists.cpp" />
    <ClCompile Include="..\..\src\VulkanRHI\Shader.cpp" />
    <ClCompile Include="..\..\src\VulkanRHI\PSO.cpp" />
    <ClCompile Include="..\..\src\VulkanRHI\VulkanMemoryAllocatorImpl.cpp" />
  </ItemGroup>
</Project>